// !$*UTF8*$!
{
	archiveVersion = 1;
	classes = {
	};
	objectVersion = 56;
	objects = {

/* Begin PBXBuildFile section */
		F2077B1228D0E39900056105 /* AppDelegate.swift in Sources */ = {isa = PBXBuildFile; fileRef = F2077B1128D0E39900056105 /* AppDelegate.swift */; };
		F2077B1428D0E39900056105 /* ViewController.swift in Sources */ = {isa = PBXBuildFile; fileRef = F2077B1328D0E39900056105 /* ViewController.swift */; };
		F2077B1728D0E39900056105 /* SwiftCoreMacExample.xcdatamodeld in Sources */ = {isa = PBXBuildFile; fileRef = F2077B1528D0E39900056105 /* SwiftCoreMacExample.xcdatamodeld */; };
		F2077B1928D0E39B00056105 /* Assets.xcassets in Resources */ = {isa = PBXBuildFile; fileRef = F2077B1828D0E39B00056105 /* Assets.xcassets */; };
		F2077B1C28D0E39B00056105 /* Main.storyboard in Resources */ = {isa = PBXBuildFile; fileRef = F2077B1A28D0E39B00056105 /* Main.storyboard */; };
		F2077B2728D0E39C00056105 /* SwiftCoreMacExampleTests.swift in Sources */ = {isa = PBXBuildFile; fileRef = F2077B2628D0E39C00056105 /* SwiftCoreMacExampleTests.swift */; };
		F2077B3128D0E39C00056105 /* SwiftCoreMacExampleUITests.swift in Sources */ = {isa = PBXBuildFile; fileRef = F2077B3028D0E39C00056105 /* SwiftCoreMacExampleUITests.swift */; };
		F2077B3328D0E39C00056105 /* SwiftCoreMacExampleUITestsLaunchTests.swift in Sources */ = {isa = PBXBuildFile; fileRef = F2077B3228D0E39C00056105 /* SwiftCoreMacExampleUITestsLaunchTests.swift */; };
		F2077B4D28D0E68B00056105 /* HeapSwiftCore in Frameworks */ = {isa = PBXBuildFile; productRef = F2077B4C28D0E68B00056105 /* HeapSwiftCore */; };
/* End PBXBuildFile section */

/* Begin PBXContainerItemProxy section */
		F2077B2328D0E39C00056105 /* PBXContainerItemProxy */ = {
			isa = PBXContainerItemProxy;
			containerPortal = F2077B0628D0E39900056105 /* Project object */;
			proxyType = 1;
			remoteGlobalIDString = F2077B0D28D0E39900056105;
			remoteInfo = SwiftCoreMacExample;
		};
		F2077B2D28D0E39C00056105 /* PBXContainerItemProxy */ = {
			isa = PBXContainerItemProxy;
			containerPortal = F2077B0628D0E39900056105 /* Project object */;
			proxyType = 1;
			remoteGlobalIDString = F2077B0D28D0E39900056105;
			remoteInfo = SwiftCoreMacExample;
		};
/* End PBXContainerItemProxy section */

/* Begin PBXFileReference section */
		F2077B0E28D0E39900056105 /* SwiftCoreMacExample.app */ = {isa = PBXFileReference; explicitFileType = wrapper.application; includeInIndex = 0; path = SwiftCoreMacExample.app; sourceTree = BUILT_PRODUCTS_DIR; };
		F2077B1128D0E39900056105 /* AppDelegate.swift */ = {isa = PBXFileReference; lastKnownFileType = sourcecode.swift; path = AppDelegate.swift; sourceTree = "<group>"; };
		F2077B1328D0E39900056105 /* ViewController.swift */ = {isa = PBXFileReference; lastKnownFileType = sourcecode.swift; path = ViewController.swift; sourceTree = "<group>"; };
		F2077B1628D0E39900056105 /* SwiftCoreMacExample.xcdatamodel */ = {isa = PBXFileReference; lastKnownFileType = wrapper.xcdatamodel; path = SwiftCoreMacExample.xcdatamodel; sourceTree = "<group>"; };
		F2077B1828D0E39B00056105 /* Assets.xcassets */ = {isa = PBXFileReference; lastKnownFileType = folder.assetcatalog; path = Assets.xcassets; sourceTree = "<group>"; };
		F2077B1B28D0E39B00056105 /* Base */ = {isa = PBXFileReference; lastKnownFileType = file.storyboard; name = Base; path = Base.lproj/Main.storyboard; sourceTree = "<group>"; };
		F2077B1D28D0E39B00056105 /* SwiftCoreMacExample.entitlements */ = {isa = PBXFileReference; lastKnownFileType = text.plist.entitlements; path = SwiftCoreMacExample.entitlements; sourceTree = "<group>"; };
		F2077B2228D0E39C00056105 /* SwiftCoreMacExampleTests.xctest */ = {isa = PBXFileReference; explicitFileType = wrapper.cfbundle; includeInIndex = 0; path = SwiftCoreMacExampleTests.xctest; sourceTree = BUILT_PRODUCTS_DIR; };
		F2077B2628D0E39C00056105 /* SwiftCoreMacExampleTests.swift */ = {isa = PBXFileReference; lastKnownFileType = sourcecode.swift; path = SwiftCoreMacExampleTests.swift; sourceTree = "<group>"; };
		F2077B2C28D0E39C00056105 /* SwiftCoreMacExampleUITests.xctest */ = {isa = PBXFileReference; explicitFileType = wrapper.cfbundle; includeInIndex = 0; path = SwiftCoreMacExampleUITests.xctest; sourceTree = BUILT_PRODUCTS_DIR; };
		F2077B3028D0E39C00056105 /* SwiftCoreMacExampleUITests.swift */ = {isa = PBXFileReference; lastKnownFileType = sourcecode.swift; path = SwiftCoreMacExampleUITests.swift; sourceTree = "<group>"; };
		F2077B3228D0E39C00056105 /* SwiftCoreMacExampleUITestsLaunchTests.swift */ = {isa = PBXFileReference; lastKnownFileType = sourcecode.swift; path = SwiftCoreMacExampleUITestsLaunchTests.swift; sourceTree = "<group>"; };
		F2077B4A28D0E65400056105 /* heap-swift-core */ = {isa = PBXFileReference; lastKnownFileType = wrapper; name = "heap-swift-core"; path = ../..; sourceTree = "<group>"; };
/* End PBXFileReference section */

/* Begin PBXFrameworksBuildPhase section */
		F2077B0B28D0E39900056105 /* Frameworks */ = {
			isa = PBXFrameworksBuildPhase;
			buildActionMask = 2147483647;
			files = (
				F2077B4D28D0E68B00056105 /* HeapSwiftCore in Frameworks */,
			);
			runOnlyForDeploymentPostprocessing = 0;
		};
		F2077B1F28D0E39C00056105 /* Frameworks */ = {
			isa = PBXFrameworksBuildPhase;
			buildActionMask = 2147483647;
			files = (
			);
			runOnlyForDeploymentPostprocessing = 0;
		};
		F2077B2928D0E39C00056105 /* Frameworks */ = {
			isa = PBXFrameworksBuildPhase;
			buildActionMask = 2147483647;
			files = (
			);
			runOnlyForDeploymentPostprocessing = 0;
		};
/* End PBXFrameworksBuildPhase section */

/* Begin PBXGroup section */
		F2077B0528D0E39900056105 = {
			isa = PBXGroup;
			children = (
				F2077B4928D0E65400056105 /* Packages */,
				F2077B1028D0E39900056105 /* SwiftCoreMacExample */,
				F2077B2528D0E39C00056105 /* SwiftCoreMacExampleTests */,
				F2077B2F28D0E39C00056105 /* SwiftCoreMacExampleUITests */,
				F2077B0F28D0E39900056105 /* Products */,
				F2077B4B28D0E68B00056105 /* Frameworks */,
			);
			sourceTree = "<group>";
		};
		F2077B0F28D0E39900056105 /* Products */ = {
			isa = PBXGroup;
			children = (
				F2077B0E28D0E39900056105 /* SwiftCoreMacExample.app */,
				F2077B2228D0E39C00056105 /* SwiftCoreMacExampleTests.xctest */,
				F2077B2C28D0E39C00056105 /* SwiftCoreMacExampleUITests.xctest */,
			);
			name = Products;
			sourceTree = "<group>";
		};
		F2077B1028D0E39900056105 /* SwiftCoreMacExample */ = {
			isa = PBXGroup;
			children = (
				F2077B4628D0E5B100056105 /* New Group */,
				F2077B1128D0E39900056105 /* AppDelegate.swift */,
				F2077B1328D0E39900056105 /* ViewController.swift */,
				F2077B1828D0E39B00056105 /* Assets.xcassets */,
				F2077B1A28D0E39B00056105 /* Main.storyboard */,
				F2077B1D28D0E39B00056105 /* SwiftCoreMacExample.entitlements */,
				F2077B1528D0E39900056105 /* SwiftCoreMacExample.xcdatamodeld */,
			);
			path = SwiftCoreMacExample;
			sourceTree = "<group>";
		};
		F2077B2528D0E39C00056105 /* SwiftCoreMacExampleTests */ = {
			isa = PBXGroup;
			children = (
				F2077B2628D0E39C00056105 /* SwiftCoreMacExampleTests.swift */,
			);
			path = SwiftCoreMacExampleTests;
			sourceTree = "<group>";
		};
		F2077B2F28D0E39C00056105 /* SwiftCoreMacExampleUITests */ = {
			isa = PBXGroup;
			children = (
				F2077B3028D0E39C00056105 /* SwiftCoreMacExampleUITests.swift */,
				F2077B3228D0E39C00056105 /* SwiftCoreMacExampleUITestsLaunchTests.swift */,
			);
			path = SwiftCoreMacExampleUITests;
			sourceTree = "<group>";
		};
		F2077B4628D0E5B100056105 /* New Group */ = {
			isa = PBXGroup;
			children = (
			);
			path = "New Group";
			sourceTree = "<group>";
		};
		F2077B4928D0E65400056105 /* Packages */ = {
			isa = PBXGroup;
			children = (
				F2077B4A28D0E65400056105 /* heap-swift-core */,
			);
			name = Packages;
			sourceTree = "<group>";
		};
		F2077B4B28D0E68B00056105 /* Frameworks */ = {
			isa = PBXGroup;
			children = (
			);
			name = Frameworks;
			sourceTree = "<group>";
		};
/* End PBXGroup section */

/* Begin PBXNativeTarget section */
		F2077B0D28D0E39900056105 /* SwiftCoreMacExample */ = {
			isa = PBXNativeTarget;
			buildConfigurationList = F2077B3628D0E39C00056105 /* Build configuration list for PBXNativeTarget "SwiftCoreMacExample" */;
			buildPhases = (
				F2077B0A28D0E39900056105 /* Sources */,
				F2077B0B28D0E39900056105 /* Frameworks */,
				F2077B0C28D0E39900056105 /* Resources */,
			);
			buildRules = (
			);
			dependencies = (
			);
			name = SwiftCoreMacExample;
			packageProductDependencies = (
				F2077B4C28D0E68B00056105 /* HeapSwiftCore */,
			);
			productName = SwiftCoreMacExample;
			productReference = F2077B0E28D0E39900056105 /* SwiftCoreMacExample.app */;
			productType = "com.apple.product-type.application";
		};
		F2077B2128D0E39C00056105 /* SwiftCoreMacExampleTests */ = {
			isa = PBXNativeTarget;
			buildConfigurationList = F2077B3928D0E39C00056105 /* Build configuration list for PBXNativeTarget "SwiftCoreMacExampleTests" */;
			buildPhases = (
				F2077B1E28D0E39C00056105 /* Sources */,
				F2077B1F28D0E39C00056105 /* Frameworks */,
				F2077B2028D0E39C00056105 /* Resources */,
			);
			buildRules = (
			);
			dependencies = (
				F2077B2428D0E39C00056105 /* PBXTargetDependency */,
			);
			name = SwiftCoreMacExampleTests;
			productName = SwiftCoreMacExampleTests;
			productReference = F2077B2228D0E39C00056105 /* SwiftCoreMacExampleTests.xctest */;
			productType = "com.apple.product-type.bundle.unit-test";
		};
		F2077B2B28D0E39C00056105 /* SwiftCoreMacExampleUITests */ = {
			isa = PBXNativeTarget;
			buildConfigurationList = F2077B3C28D0E39C00056105 /* Build configuration list for PBXNativeTarget "SwiftCoreMacExampleUITests" */;
			buildPhases = (
				F2077B2828D0E39C00056105 /* Sources */,
				F2077B2928D0E39C00056105 /* Frameworks */,
				F2077B2A28D0E39C00056105 /* Resources */,
			);
			buildRules = (
			);
			dependencies = (
				F2077B2E28D0E39C00056105 /* PBXTargetDependency */,
			);
			name = SwiftCoreMacExampleUITests;
			productName = SwiftCoreMacExampleUITests;
			productReference = F2077B2C28D0E39C00056105 /* SwiftCoreMacExampleUITests.xctest */;
			productType = "com.apple.product-type.bundle.ui-testing";
		};
/* End PBXNativeTarget section */

/* Begin PBXProject section */
		F2077B0628D0E39900056105 /* Project object */ = {
			isa = PBXProject;
			attributes = {
				BuildIndependentTargetsInParallel = 1;
				LastSwiftUpdateCheck = 1400;
				LastUpgradeCheck = 1400;
				TargetAttributes = {
					F2077B0D28D0E39900056105 = {
						CreatedOnToolsVersion = 14.0;
					};
					F2077B2128D0E39C00056105 = {
						CreatedOnToolsVersion = 14.0;
						TestTargetID = F2077B0D28D0E39900056105;
					};
					F2077B2B28D0E39C00056105 = {
						CreatedOnToolsVersion = 14.0;
						TestTargetID = F2077B0D28D0E39900056105;
					};
				};
			};
			buildConfigurationList = F2077B0928D0E39900056105 /* Build configuration list for PBXProject "SwiftCoreMacExample" */;
			compatibilityVersion = "Xcode 14.0";
			developmentRegion = en;
			hasScannedForEncodings = 0;
			knownRegions = (
				en,
				Base,
			);
			mainGroup = F2077B0528D0E39900056105;
			packageReferences = (
			);
			productRefGroup = F2077B0F28D0E39900056105 /* Products */;
			projectDirPath = "";
			projectRoot = "";
			targets = (
				F2077B0D28D0E39900056105 /* SwiftCoreMacExample */,
				F2077B2128D0E39C00056105 /* SwiftCoreMacExampleTests */,
				F2077B2B28D0E39C00056105 /* SwiftCoreMacExampleUITests */,
			);
		};
/* End PBXProject section */

/* Begin PBXResourcesBuildPhase section */
		F2077B0C28D0E39900056105 /* Resources */ = {
			isa = PBXResourcesBuildPhase;
			buildActionMask = 2147483647;
			files = (
				F2077B1928D0E39B00056105 /* Assets.xcassets in Resources */,
				F2077B1C28D0E39B00056105 /* Main.storyboard in Resources */,
			);
			runOnlyForDeploymentPostprocessing = 0;
		};
		F2077B2028D0E39C00056105 /* Resources */ = {
			isa = PBXResourcesBuildPhase;
			buildActionMask = 2147483647;
			files = (
			);
			runOnlyForDeploymentPostprocessing = 0;
		};
		F2077B2A28D0E39C00056105 /* Resources */ = {
			isa = PBXResourcesBuildPhase;
			buildActionMask = 2147483647;
			files = (
			);
			runOnlyForDeploymentPostprocessing = 0;
		};
/* End PBXResourcesBuildPhase section */

/* Begin PBXSourcesBuildPhase section */
		F2077B0A28D0E39900056105 /* Sources */ = {
			isa = PBXSourcesBuildPhase;
			buildActionMask = 2147483647;
			files = (
				F2077B1728D0E39900056105 /* SwiftCoreMacExample.xcdatamodeld in Sources */,
				F2077B1428D0E39900056105 /* ViewController.swift in Sources */,
				F2077B1228D0E39900056105 /* AppDelegate.swift in Sources */,
			);
			runOnlyForDeploymentPostprocessing = 0;
		};
		F2077B1E28D0E39C00056105 /* Sources */ = {
			isa = PBXSourcesBuildPhase;
			buildActionMask = 2147483647;
			files = (
				F2077B2728D0E39C00056105 /* SwiftCoreMacExampleTests.swift in Sources */,
			);
			runOnlyForDeploymentPostprocessing = 0;
		};
		F2077B2828D0E39C00056105 /* Sources */ = {
			isa = PBXSourcesBuildPhase;
			buildActionMask = 2147483647;
			files = (
				F2077B3328D0E39C00056105 /* SwiftCoreMacExampleUITestsLaunchTests.swift in Sources */,
				F2077B3128D0E39C00056105 /* SwiftCoreMacExampleUITests.swift in Sources */,
			);
			runOnlyForDeploymentPostprocessing = 0;
		};
/* End PBXSourcesBuildPhase section */

/* Begin PBXTargetDependency section */
		F2077B2428D0E39C00056105 /* PBXTargetDependency */ = {
			isa = PBXTargetDependency;
			target = F2077B0D28D0E39900056105 /* SwiftCoreMacExample */;
			targetProxy = F2077B2328D0E39C00056105 /* PBXContainerItemProxy */;
		};
		F2077B2E28D0E39C00056105 /* PBXTargetDependency */ = {
			isa = PBXTargetDependency;
			target = F2077B0D28D0E39900056105 /* SwiftCoreMacExample */;
			targetProxy = F2077B2D28D0E39C00056105 /* PBXContainerItemProxy */;
		};
/* End PBXTargetDependency section */

/* Begin PBXVariantGroup section */
		F2077B1A28D0E39B00056105 /* Main.storyboard */ = {
			isa = PBXVariantGroup;
			children = (
				F2077B1B28D0E39B00056105 /* Base */,
			);
			name = Main.storyboard;
			sourceTree = "<group>";
		};
/* End PBXVariantGroup section */

/* Begin XCBuildConfiguration section */
		F2077B3428D0E39C00056105 /* Debug */ = {
			isa = XCBuildConfiguration;
			buildSettings = {
				ALWAYS_SEARCH_USER_PATHS = NO;
				CLANG_ANALYZER_NONNULL = YES;
				CLANG_ANALYZER_NUMBER_OBJECT_CONVERSION = YES_AGGRESSIVE;
				CLANG_CXX_LANGUAGE_STANDARD = "gnu++20";
				CLANG_ENABLE_MODULES = YES;
				CLANG_ENABLE_OBJC_ARC = YES;
				CLANG_ENABLE_OBJC_WEAK = YES;
				CLANG_WARN_BLOCK_CAPTURE_AUTORELEASING = YES;
				CLANG_WARN_BOOL_CONVERSION = YES;
				CLANG_WARN_COMMA = YES;
				CLANG_WARN_CONSTANT_CONVERSION = YES;
				CLANG_WARN_DEPRECATED_OBJC_IMPLEMENTATIONS = YES;
				CLANG_WARN_DIRECT_OBJC_ISA_USAGE = YES_ERROR;
				CLANG_WARN_DOCUMENTATION_COMMENTS = YES;
				CLANG_WARN_EMPTY_BODY = YES;
				CLANG_WARN_ENUM_CONVERSION = YES;
				CLANG_WARN_INFINITE_RECURSION = YES;
				CLANG_WARN_INT_CONVERSION = YES;
				CLANG_WARN_NON_LITERAL_NULL_CONVERSION = YES;
				CLANG_WARN_OBJC_IMPLICIT_RETAIN_SELF = YES;
				CLANG_WARN_OBJC_LITERAL_CONVERSION = YES;
				CLANG_WARN_OBJC_ROOT_CLASS = YES_ERROR;
				CLANG_WARN_QUOTED_INCLUDE_IN_FRAMEWORK_HEADER = YES;
				CLANG_WARN_RANGE_LOOP_ANALYSIS = YES;
				CLANG_WARN_STRICT_PROTOTYPES = YES;
				CLANG_WARN_SUSPICIOUS_MOVE = YES;
				CLANG_WARN_UNGUARDED_AVAILABILITY = YES_AGGRESSIVE;
				CLANG_WARN_UNREACHABLE_CODE = YES;
				CLANG_WARN__DUPLICATE_METHOD_MATCH = YES;
				COPY_PHASE_STRIP = NO;
				DEBUG_INFORMATION_FORMAT = dwarf;
				ENABLE_STRICT_OBJC_MSGSEND = YES;
				ENABLE_TESTABILITY = YES;
				GCC_C_LANGUAGE_STANDARD = gnu11;
				GCC_DYNAMIC_NO_PIC = NO;
				GCC_NO_COMMON_BLOCKS = YES;
				GCC_OPTIMIZATION_LEVEL = 0;
				GCC_PREPROCESSOR_DEFINITIONS = (
					"DEBUG=1",
					"$(inherited)",
				);
				GCC_WARN_64_TO_32_BIT_CONVERSION = YES;
				GCC_WARN_ABOUT_RETURN_TYPE = YES_ERROR;
				GCC_WARN_UNDECLARED_SELECTOR = YES;
				GCC_WARN_UNINITIALIZED_AUTOS = YES_AGGRESSIVE;
				GCC_WARN_UNUSED_FUNCTION = YES;
				GCC_WARN_UNUSED_VARIABLE = YES;
				MACOSX_DEPLOYMENT_TARGET = 12.3;
				MTL_ENABLE_DEBUG_INFO = INCLUDE_SOURCE;
				MTL_FAST_MATH = YES;
				ONLY_ACTIVE_ARCH = YES;
				SDKROOT = macosx;
				SWIFT_ACTIVE_COMPILATION_CONDITIONS = DEBUG;
				SWIFT_OPTIMIZATION_LEVEL = "-Onone";
			};
			name = Debug;
		};
		F2077B3528D0E39C00056105 /* Release */ = {
			isa = XCBuildConfiguration;
			buildSettings = {
				ALWAYS_SEARCH_USER_PATHS = NO;
				CLANG_ANALYZER_NONNULL = YES;
				CLANG_ANALYZER_NUMBER_OBJECT_CONVERSION = YES_AGGRESSIVE;
				CLANG_CXX_LANGUAGE_STANDARD = "gnu++20";
				CLANG_ENABLE_MODULES = YES;
				CLANG_ENABLE_OBJC_ARC = YES;
				CLANG_ENABLE_OBJC_WEAK = YES;
				CLANG_WARN_BLOCK_CAPTURE_AUTORELEASING = YES;
				CLANG_WARN_BOOL_CONVERSION = YES;
				CLANG_WARN_COMMA = YES;
				CLANG_WARN_CONSTANT_CONVERSION = YES;
				CLANG_WARN_DEPRECATED_OBJC_IMPLEMENTATIONS = YES;
				CLANG_WARN_DIRECT_OBJC_ISA_USAGE = YES_ERROR;
				CLANG_WARN_DOCUMENTATION_COMMENTS = YES;
				CLANG_WARN_EMPTY_BODY = YES;
				CLANG_WARN_ENUM_CONVERSION = YES;
				CLANG_WARN_INFINITE_RECURSION = YES;
				CLANG_WARN_INT_CONVERSION = YES;
				CLANG_WARN_NON_LITERAL_NULL_CONVERSION = YES;
				CLANG_WARN_OBJC_IMPLICIT_RETAIN_SELF = YES;
				CLANG_WARN_OBJC_LITERAL_CONVERSION = YES;
				CLANG_WARN_OBJC_ROOT_CLASS = YES_ERROR;
				CLANG_WARN_QUOTED_INCLUDE_IN_FRAMEWORK_HEADER = YES;
				CLANG_WARN_RANGE_LOOP_ANALYSIS = YES;
				CLANG_WARN_STRICT_PROTOTYPES = YES;
				CLANG_WARN_SUSPICIOUS_MOVE = YES;
				CLANG_WARN_UNGUARDED_AVAILABILITY = YES_AGGRESSIVE;
				CLANG_WARN_UNREACHABLE_CODE = YES;
				CLANG_WARN__DUPLICATE_METHOD_MATCH = YES;
				COPY_PHASE_STRIP = NO;
				DEBUG_INFORMATION_FORMAT = "dwarf-with-dsym";
				ENABLE_NS_ASSERTIONS = NO;
				ENABLE_STRICT_OBJC_MSGSEND = YES;
				GCC_C_LANGUAGE_STANDARD = gnu11;
				GCC_NO_COMMON_BLOCKS = YES;
				GCC_WARN_64_TO_32_BIT_CONVERSION = YES;
				GCC_WARN_ABOUT_RETURN_TYPE = YES_ERROR;
				GCC_WARN_UNDECLARED_SELECTOR = YES;
				GCC_WARN_UNINITIALIZED_AUTOS = YES_AGGRESSIVE;
				GCC_WARN_UNUSED_FUNCTION = YES;
				GCC_WARN_UNUSED_VARIABLE = YES;
				MACOSX_DEPLOYMENT_TARGET = 12.3;
				MTL_ENABLE_DEBUG_INFO = NO;
				MTL_FAST_MATH = YES;
				SDKROOT = macosx;
				SWIFT_COMPILATION_MODE = wholemodule;
				SWIFT_OPTIMIZATION_LEVEL = "-O";
			};
			name = Release;
		};
		F2077B3728D0E39C00056105 /* Debug */ = {
			isa = XCBuildConfiguration;
			buildSettings = {
				ASSETCATALOG_COMPILER_APPICON_NAME = AppIcon;
				ASSETCATALOG_COMPILER_GLOBAL_ACCENT_COLOR_NAME = AccentColor;
				CODE_SIGN_ENTITLEMENTS = SwiftCoreMacExample/SwiftCoreMacExample.entitlements;
				CODE_SIGN_STYLE = Automatic;
				COMBINE_HIDPI_IMAGES = YES;
				CURRENT_PROJECT_VERSION = 1;
				DEVELOPMENT_TEAM = 8C7R8549SP;
				ENABLE_HARDENED_RUNTIME = YES;
				GENERATE_INFOPLIST_FILE = YES;
				INFOPLIST_KEY_NSHumanReadableCopyright = "";
				INFOPLIST_KEY_NSMainStoryboardFile = Main;
				INFOPLIST_KEY_NSPrincipalClass = NSApplication;
				LD_RUNPATH_SEARCH_PATHS = (
					"$(inherited)",
					"@executable_path/../Frameworks",
				);
				MARKETING_VERSION = 1.0;
				PRODUCT_BUNDLE_IDENTIFIER = io.heap.SwiftCoreMacExample;
				PRODUCT_NAME = "$(TARGET_NAME)";
				SWIFT_EMIT_LOC_STRINGS = YES;
				SWIFT_VERSION = 5.0;
			};
			name = Debug;
		};
		F2077B3828D0E39C00056105 /* Release */ = {
			isa = XCBuildConfiguration;
			buildSettings = {
				ASSETCATALOG_COMPILER_APPICON_NAME = AppIcon;
				ASSETCATALOG_COMPILER_GLOBAL_ACCENT_COLOR_NAME = AccentColor;
				CODE_SIGN_ENTITLEMENTS = SwiftCoreMacExample/SwiftCoreMacExample.entitlements;
				CODE_SIGN_STYLE = Automatic;
				COMBINE_HIDPI_IMAGES = YES;
				CURRENT_PROJECT_VERSION = 1;
				DEVELOPMENT_TEAM = 8C7R8549SP;
				ENABLE_HARDENED_RUNTIME = YES;
				GENERATE_INFOPLIST_FILE = YES;
				INFOPLIST_KEY_NSHumanReadableCopyright = "";
				INFOPLIST_KEY_NSMainStoryboardFile = Main;
				INFOPLIST_KEY_NSPrincipalClass = NSApplication;
				LD_RUNPATH_SEARCH_PATHS = (
					"$(inherited)",
					"@executable_path/../Frameworks",
				);
				MARKETING_VERSION = 1.0;
				PRODUCT_BUNDLE_IDENTIFIER = io.heap.SwiftCoreMacExample;
				PRODUCT_NAME = "$(TARGET_NAME)";
				SWIFT_EMIT_LOC_STRINGS = YES;
				SWIFT_VERSION = 5.0;
			};
			name = Release;
		};
		F2077B3A28D0E39C00056105 /* Debug */ = {
			isa = XCBuildConfiguration;
			buildSettings = {
				ALWAYS_EMBED_SWIFT_STANDARD_LIBRARIES = YES;
				BUNDLE_LOADER = "$(TEST_HOST)";
				CODE_SIGN_STYLE = Automatic;
				CURRENT_PROJECT_VERSION = 1;
				DEVELOPMENT_TEAM = 8C7R8549SP;
				GENERATE_INFOPLIST_FILE = YES;
				MACOSX_DEPLOYMENT_TARGET = 12.3;
				MARKETING_VERSION = 1.0;
				PRODUCT_BUNDLE_IDENTIFIER = io.heap.SwiftCoreMacExampleTests;
				PRODUCT_NAME = "$(TARGET_NAME)";
				SWIFT_EMIT_LOC_STRINGS = NO;
				SWIFT_VERSION = 5.0;
				TEST_HOST = "$(BUILT_PRODUCTS_DIR)/SwiftCoreMacExample.app/$(BUNDLE_EXECUTABLE_FOLDER_PATH)/SwiftCoreMacExample";
			};
			name = Debug;
		};
		F2077B3B28D0E39C00056105 /* Release */ = {
			isa = XCBuildConfiguration;
			buildSettings = {
				ALWAYS_EMBED_SWIFT_STANDARD_LIBRARIES = YES;
				BUNDLE_LOADER = "$(TEST_HOST)";
				CODE_SIGN_STYLE = Automatic;
				CURRENT_PROJECT_VERSION = 1;
				DEVELOPMENT_TEAM = 8C7R8549SP;
				GENERATE_INFOPLIST_FILE = YES;
				MACOSX_DEPLOYMENT_TARGET = 12.3;
				MARKETING_VERSION = 1.0;
				PRODUCT_BUNDLE_IDENTIFIER = io.heap.SwiftCoreMacExampleTests;
				PRODUCT_NAME = "$(TARGET_NAME)";
				SWIFT_EMIT_LOC_STRINGS = NO;
				SWIFT_VERSION = 5.0;
				TEST_HOST = "$(BUILT_PRODUCTS_DIR)/SwiftCoreMacExample.app/$(BUNDLE_EXECUTABLE_FOLDER_PATH)/SwiftCoreMacExample";
			};
			name = Release;
		};
		F2077B3D28D0E39C00056105 /* Debug */ = {
			isa = XCBuildConfiguration;
			buildSettings = {
				ALWAYS_EMBED_SWIFT_STANDARD_LIBRARIES = YES;
				CODE_SIGN_STYLE = Automatic;
				CURRENT_PROJECT_VERSION = 1;
				DEVELOPMENT_TEAM = 8C7R8549SP;
				GENERATE_INFOPLIST_FILE = YES;
				MARKETING_VERSION = 1.0;
				PRODUCT_BUNDLE_IDENTIFIER = io.heap.SwiftCoreMacExampleUITests;
				PRODUCT_NAME = "$(TARGET_NAME)";
				SWIFT_EMIT_LOC_STRINGS = NO;
				SWIFT_VERSION = 5.0;
				TEST_TARGET_NAME = SwiftCoreMacExample;
			};
			name = Debug;
		};
		F2077B3E28D0E39C00056105 /* Release */ = {
			isa = XCBuildConfiguration;
			buildSettings = {
				ALWAYS_EMBED_SWIFT_STANDARD_LIBRARIES = YES;
				CODE_SIGN_STYLE = Automatic;
				CURRENT_PROJECT_VERSION = 1;
				DEVELOPMENT_TEAM = 8C7R8549SP;
				GENERATE_INFOPLIST_FILE = YES;
				MARKETING_VERSION = 1.0;
				PRODUCT_BUNDLE_IDENTIFIER = io.heap.SwiftCoreMacExampleUITests;
				PRODUCT_NAME = "$(TARGET_NAME)";
				SWIFT_EMIT_LOC_STRINGS = NO;
				SWIFT_VERSION = 5.0;
				TEST_TARGET_NAME = SwiftCoreMacExample;
			};
			name = Release;
		};
/* End XCBuildConfiguration section */

/* Begin XCConfigurationList section */
		F2077B0928D0E39900056105 /* Build configuration list for PBXProject "SwiftCoreMacExample" */ = {
			isa = XCConfigurationList;
			buildConfigurations = (
				F2077B3428D0E39C00056105 /* Debug */,
				F2077B3528D0E39C00056105 /* Release */,
			);
			defaultConfigurationIsVisible = 0;
			defaultConfigurationName = Release;
		};
		F2077B3628D0E39C00056105 /* Build configuration list for PBXNativeTarget "SwiftCoreMacExample" */ = {
			isa = XCConfigurationList;
			buildConfigurations = (
				F2077B3728D0E39C00056105 /* Debug */,
				F2077B3828D0E39C00056105 /* Release */,
			);
			defaultConfigurationIsVisible = 0;
			defaultConfigurationName = Release;
		};
		F2077B3928D0E39C00056105 /* Build configuration list for PBXNativeTarget "SwiftCoreMacExampleTests" */ = {
			isa = XCConfigurationList;
			buildConfigurations = (
				F2077B3A28D0E39C00056105 /* Debug */,
				F2077B3B28D0E39C00056105 /* Release */,
			);
			defaultConfigurationIsVisible = 0;
			defaultConfigurationName = Release;
		};
		F2077B3C28D0E39C00056105 /* Build configuration list for PBXNativeTarget "SwiftCoreMacExampleUITests" */ = {
			isa = XCConfigurationList;
			buildConfigurations = (
				F2077B3D28D0E39C00056105 /* Debug */,
				F2077B3E28D0E39C00056105 /* Release */,
			);
			defaultConfigurationIsVisible = 0;
			defaultConfigurationName = Release;
		};
/* End XCConfigurationList section */

/* Begin XCSwiftPackageProductDependency section */
		F2077B4C28D0E68B00056105 /* HeapSwiftCore */ = {
			isa = XCSwiftPackageProductDependency;
			productName = HeapSwiftCore;
		};
/* End XCSwiftPackageProductDependency section */

/* Begin XCVersionGroup section */
		F2077B1528D0E39900056105 /* SwiftCoreMacExample.xcdatamodeld */ = {
			isa = XCVersionGroup;
			children = (
				F2077B1628D0E39900056105 /* SwiftCoreMacExample.xcdatamodel */,
			);
			currentVersion = F2077B1628D0E39900056105 /* SwiftCoreMacExample.xcdatamodel */;
			path = SwiftCoreMacExample.xcdatamodeld;
			sourceTree = "<group>";
			versionGroupType = wrapper.xcdatamodel;
		};
/* End XCVersionGroup section */
	};
	rootObject = F2077B0628D0E39900056105 /* Project object */;
}
