// !$*UTF8*$!
{
	archiveVersion = 1;
	classes = {
	};
	objectVersion = 56;
	objects = {

/* Begin PBXBuildFile section */
		EB79BE502A144A4000F9EEBD /* HeapSwiftCoreInterfaces.h in Headers */ = {isa = PBXBuildFile; fileRef = EB79BE4F2A144A4000F9EEBD /* HeapSwiftCoreInterfaces.h */; settings = {ATTRIBUTES = (Public, ); }; };
		EB79BE5F2A144E0600F9EEBD /* HeapLogger.swift in Sources */ = {isa = PBXBuildFile; fileRef = EB79BE562A144E0600F9EEBD /* HeapLogger.swift */; };
		EB79BE602A144E0600F9EEBD /* Pageview.swift in Sources */ = {isa = PBXBuildFile; fileRef = EB79BE572A144E0600F9EEBD /* Pageview.swift */; };
		EB79BE612A144E0600F9EEBD /* Option.swift in Sources */ = {isa = PBXBuildFile; fileRef = EB79BE582A144E0600F9EEBD /* Option.swift */; };
		EB79BE622A144E0600F9EEBD /* SourceInfo.swift in Sources */ = {isa = PBXBuildFile; fileRef = EB79BE592A144E0600F9EEBD /* SourceInfo.swift */; };
		EB79BE632A144E0600F9EEBD /* HeapPropertyValue.swift in Sources */ = {isa = PBXBuildFile; fileRef = EB79BE5A2A144E0600F9EEBD /* HeapPropertyValue.swift */; };
		EB79BE642A144E0600F9EEBD /* Source.swift in Sources */ = {isa = PBXBuildFile; fileRef = EB79BE5B2A144E0600F9EEBD /* Source.swift */; };
		EB79BE652A144E0600F9EEBD /* HeapProtocol.swift in Sources */ = {isa = PBXBuildFile; fileRef = EB79BE5C2A144E0600F9EEBD /* HeapProtocol.swift */; };
		EB79BE662A144E0600F9EEBD /* RuntimeBridge.swift in Sources */ = {isa = PBXBuildFile; fileRef = EB79BE5D2A144E0600F9EEBD /* RuntimeBridge.swift */; };
		EB79BE672A144E0600F9EEBD /* Interaction.swift in Sources */ = {isa = PBXBuildFile; fileRef = EB79BE5E2A144E0600F9EEBD /* Interaction.swift */; };
		EB8A7D182BBDC957008C3B80 /* Transformer.swift in Sources */ = {isa = PBXBuildFile; fileRef = EB8A7D172BBDC957008C3B80 /* Transformer.swift */; };
		EB8A7D1A2BBDCB06008C3B80 /* _ContentsquareIntegration.swift in Sources */ = {isa = PBXBuildFile; fileRef = EB8A7D192BBDCB06008C3B80 /* _ContentsquareIntegration.swift */; };
		EBF245AB2A327A9600C8296D /* HeapObjcPropertyValue.swift in Sources */ = {isa = PBXBuildFile; fileRef = EBF245AA2A327A9600C8296D /* HeapObjcPropertyValue.swift */; };
/* End PBXBuildFile section */

/* Begin PBXFileReference section */
		EB79BE4C2A144A4000F9EEBD /* HeapSwiftCoreInterfaces.framework */ = {isa = PBXFileReference; explicitFileType = wrapper.framework; includeInIndex = 0; path = HeapSwiftCoreInterfaces.framework; sourceTree = BUILT_PRODUCTS_DIR; };
		EB79BE4F2A144A4000F9EEBD /* HeapSwiftCoreInterfaces.h */ = {isa = PBXFileReference; lastKnownFileType = sourcecode.c.h; path = HeapSwiftCoreInterfaces.h; sourceTree = "<group>"; };
		EB79BE562A144E0600F9EEBD /* HeapLogger.swift */ = {isa = PBXFileReference; fileEncoding = 4; lastKnownFileType = sourcecode.swift; path = HeapLogger.swift; sourceTree = "<group>"; };
		EB79BE572A144E0600F9EEBD /* Pageview.swift */ = {isa = PBXFileReference; fileEncoding = 4; lastKnownFileType = sourcecode.swift; path = Pageview.swift; sourceTree = "<group>"; };
		EB79BE582A144E0600F9EEBD /* Option.swift */ = {isa = PBXFileReference; fileEncoding = 4; lastKnownFileType = sourcecode.swift; path = Option.swift; sourceTree = "<group>"; };
		EB79BE592A144E0600F9EEBD /* SourceInfo.swift */ = {isa = PBXFileReference; fileEncoding = 4; lastKnownFileType = sourcecode.swift; path = SourceInfo.swift; sourceTree = "<group>"; };
		EB79BE5A2A144E0600F9EEBD /* HeapPropertyValue.swift */ = {isa = PBXFileReference; fileEncoding = 4; lastKnownFileType = sourcecode.swift; path = HeapPropertyValue.swift; sourceTree = "<group>"; };
		EB79BE5B2A144E0600F9EEBD /* Source.swift */ = {isa = PBXFileReference; fileEncoding = 4; lastKnownFileType = sourcecode.swift; path = Source.swift; sourceTree = "<group>"; };
		EB79BE5C2A144E0600F9EEBD /* HeapProtocol.swift */ = {isa = PBXFileReference; fileEncoding = 4; lastKnownFileType = sourcecode.swift; path = HeapProtocol.swift; sourceTree = "<group>"; };
		EB79BE5D2A144E0600F9EEBD /* RuntimeBridge.swift */ = {isa = PBXFileReference; fileEncoding = 4; lastKnownFileType = sourcecode.swift; path = RuntimeBridge.swift; sourceTree = "<group>"; };
		EB79BE5E2A144E0600F9EEBD /* Interaction.swift */ = {isa = PBXFileReference; fileEncoding = 4; lastKnownFileType = sourcecode.swift; path = Interaction.swift; sourceTree = "<group>"; };
		EB79BE682A14508300F9EEBD /* HeapSwiftCoreInterfaces.modulemap */ = {isa = PBXFileReference; lastKnownFileType = "sourcecode.module-map"; path = HeapSwiftCoreInterfaces.modulemap; sourceTree = "<group>"; };
		EB8A7D172BBDC957008C3B80 /* Transformer.swift */ = {isa = PBXFileReference; lastKnownFileType = sourcecode.swift; path = Transformer.swift; sourceTree = "<group>"; };
		EB8A7D192BBDCB06008C3B80 /* _ContentsquareIntegration.swift */ = {isa = PBXFileReference; lastKnownFileType = sourcecode.swift; path = _ContentsquareIntegration.swift; sourceTree = "<group>"; };
		EBF245AA2A327A9600C8296D /* HeapObjcPropertyValue.swift */ = {isa = PBXFileReference; lastKnownFileType = sourcecode.swift; path = HeapObjcPropertyValue.swift; sourceTree = "<group>"; };
/* End PBXFileReference section */

/* Begin PBXFrameworksBuildPhase section */
		EB79BE492A144A4000F9EEBD /* Frameworks */ = {
			isa = PBXFrameworksBuildPhase;
			buildActionMask = 2147483647;
			files = (
			);
			runOnlyForDeploymentPostprocessing = 0;
		};
/* End PBXFrameworksBuildPhase section */

/* Begin PBXGroup section */
		EB79BE422A144A3F00F9EEBD = {
			isa = PBXGroup;
			children = (
				EB79BE4E2A144A4000F9EEBD /* HeapSwiftCoreInterfaces */,
				EB79BE4D2A144A4000F9EEBD /* Products */,
			);
			sourceTree = "<group>";
		};
		EB79BE4D2A144A4000F9EEBD /* Products */ = {
			isa = PBXGroup;
			children = (
				EB79BE4C2A144A4000F9EEBD /* HeapSwiftCoreInterfaces.framework */,
			);
			name = Products;
			sourceTree = "<group>";
		};
		EB79BE4E2A144A4000F9EEBD /* HeapSwiftCoreInterfaces */ = {
			isa = PBXGroup;
			children = (
				EB79BE682A14508300F9EEBD /* HeapSwiftCoreInterfaces.modulemap */,
				EB79BE4F2A144A4000F9EEBD /* HeapSwiftCoreInterfaces.h */,
				EB79BE562A144E0600F9EEBD /* HeapLogger.swift */,
				EB79BE5A2A144E0600F9EEBD /* HeapPropertyValue.swift */,
				EBF245AA2A327A9600C8296D /* HeapObjcPropertyValue.swift */,
				EB79BE5C2A144E0600F9EEBD /* HeapProtocol.swift */,
				EB79BE5E2A144E0600F9EEBD /* Interaction.swift */,
				EB79BE582A144E0600F9EEBD /* Option.swift */,
				EB79BE572A144E0600F9EEBD /* Pageview.swift */,
				EB79BE5D2A144E0600F9EEBD /* RuntimeBridge.swift */,
				EB79BE5B2A144E0600F9EEBD /* Source.swift */,
				EB79BE592A144E0600F9EEBD /* SourceInfo.swift */,
				EB8A7D172BBDC957008C3B80 /* Transformer.swift */,
				EB8A7D192BBDCB06008C3B80 /* _ContentsquareIntegration.swift */,
			);
			path = HeapSwiftCoreInterfaces;
			sourceTree = "<group>";
		};
/* End PBXGroup section */

/* Begin PBXHeadersBuildPhase section */
		EB79BE472A144A4000F9EEBD /* Headers */ = {
			isa = PBXHeadersBuildPhase;
			buildActionMask = 2147483647;
			files = (
				EB79BE502A144A4000F9EEBD /* HeapSwiftCoreInterfaces.h in Headers */,
			);
			runOnlyForDeploymentPostprocessing = 0;
		};
/* End PBXHeadersBuildPhase section */

/* Begin PBXNativeTarget section */
		EB79BE4B2A144A4000F9EEBD /* HeapSwiftCoreInterfaces */ = {
			isa = PBXNativeTarget;
			buildConfigurationList = EB79BE532A144A4000F9EEBD /* Build configuration list for PBXNativeTarget "HeapSwiftCoreInterfaces" */;
			buildPhases = (
				EB79BE472A144A4000F9EEBD /* Headers */,
				EB79BE482A144A4000F9EEBD /* Sources */,
				EB79BE492A144A4000F9EEBD /* Frameworks */,
				EB79BE4A2A144A4000F9EEBD /* Resources */,
				EB79BE692A147E3E00F9EEBD /* ShellScript */,
			);
			buildRules = (
			);
			dependencies = (
			);
			name = HeapSwiftCoreInterfaces;
			productName = HeapSwiftCoreInterfaces;
			productReference = EB79BE4C2A144A4000F9EEBD /* HeapSwiftCoreInterfaces.framework */;
			productType = "com.apple.product-type.framework";
		};
/* End PBXNativeTarget section */

/* Begin PBXProject section */
		EB79BE432A144A4000F9EEBD /* Project object */ = {
			isa = PBXProject;
			attributes = {
				BuildIndependentTargetsInParallel = 1;
				LastUpgradeCheck = 1430;
				TargetAttributes = {
					EB79BE4B2A144A4000F9EEBD = {
						CreatedOnToolsVersion = 14.3;
						LastSwiftMigration = 1430;
					};
				};
			};
			buildConfigurationList = EB79BE462A144A4000F9EEBD /* Build configuration list for PBXProject "HeapSwiftCoreInterfaces" */;
			compatibilityVersion = "Xcode 14.0";
			developmentRegion = en;
			hasScannedForEncodings = 0;
			knownRegions = (
				en,
				Base,
			);
			mainGroup = EB79BE422A144A3F00F9EEBD;
			productRefGroup = EB79BE4D2A144A4000F9EEBD /* Products */;
			projectDirPath = "";
			projectRoot = "";
			targets = (
				EB79BE4B2A144A4000F9EEBD /* HeapSwiftCoreInterfaces */,
			);
		};
/* End PBXProject section */

/* Begin PBXResourcesBuildPhase section */
		EB79BE4A2A144A4000F9EEBD /* Resources */ = {
			isa = PBXResourcesBuildPhase;
			buildActionMask = 2147483647;
			files = (
			);
			runOnlyForDeploymentPostprocessing = 0;
		};
/* End PBXResourcesBuildPhase section */

/* Begin PBXShellScriptBuildPhase section */
		EB79BE692A147E3E00F9EEBD /* ShellScript */ = {
			isa = PBXShellScriptBuildPhase;
			alwaysOutOfDate = 1;
			buildActionMask = 2147483647;
			files = (
			);
			inputFileListPaths = (
			);
			inputPaths = (
			);
			outputFileListPaths = (
			);
			outputPaths = (
			);
			runOnlyForDeploymentPostprocessing = 0;
			shellPath = /bin/sh;
			shellScript = "sed -i '' -e 's#//! ##g' \"${BUILT_PRODUCTS_DIR}/${MODULES_FOLDER_PATH}/module.modulemap\"\n";
		};
/* End PBXShellScriptBuildPhase section */

/* Begin PBXSourcesBuildPhase section */
		EB79BE482A144A4000F9EEBD /* Sources */ = {
			isa = PBXSourcesBuildPhase;
			buildActionMask = 2147483647;
			files = (
				EB8A7D182BBDC957008C3B80 /* Transformer.swift in Sources */,
				EB8A7D1A2BBDCB06008C3B80 /* _ContentsquareIntegration.swift in Sources */,
				EB79BE622A144E0600F9EEBD /* SourceInfo.swift in Sources */,
				EB79BE652A144E0600F9EEBD /* HeapProtocol.swift in Sources */,
				EB79BE5F2A144E0600F9EEBD /* HeapLogger.swift in Sources */,
				EB79BE642A144E0600F9EEBD /* Source.swift in Sources */,
				EB79BE612A144E0600F9EEBD /* Option.swift in Sources */,
				EB79BE602A144E0600F9EEBD /* Pageview.swift in Sources */,
				EBF245AB2A327A9600C8296D /* HeapObjcPropertyValue.swift in Sources */,
				EB79BE672A144E0600F9EEBD /* Interaction.swift in Sources */,
				EB79BE632A144E0600F9EEBD /* HeapPropertyValue.swift in Sources */,
				EB79BE662A144E0600F9EEBD /* RuntimeBridge.swift in Sources */,
			);
			runOnlyForDeploymentPostprocessing = 0;
		};
/* End PBXSourcesBuildPhase section */

/* Begin XCBuildConfiguration section */
		EB79BE512A144A4000F9EEBD /* Debug */ = {
			isa = XCBuildConfiguration;
			buildSettings = {
				ALWAYS_SEARCH_USER_PATHS = NO;
				CLANG_ANALYZER_NONNULL = YES;
				CLANG_ANALYZER_NUMBER_OBJECT_CONVERSION = YES_AGGRESSIVE;
				CLANG_CXX_LANGUAGE_STANDARD = "gnu++20";
				CLANG_ENABLE_MODULES = YES;
				CLANG_ENABLE_OBJC_ARC = YES;
				CLANG_ENABLE_OBJC_WEAK = YES;
				CLANG_WARN_BLOCK_CAPTURE_AUTORELEASING = YES;
				CLANG_WARN_BOOL_CONVERSION = YES;
				CLANG_WARN_COMMA = YES;
				CLANG_WARN_CONSTANT_CONVERSION = YES;
				CLANG_WARN_DEPRECATED_OBJC_IMPLEMENTATIONS = YES;
				CLANG_WARN_DIRECT_OBJC_ISA_USAGE = YES_ERROR;
				CLANG_WARN_DOCUMENTATION_COMMENTS = YES;
				CLANG_WARN_EMPTY_BODY = YES;
				CLANG_WARN_ENUM_CONVERSION = YES;
				CLANG_WARN_INFINITE_RECURSION = YES;
				CLANG_WARN_INT_CONVERSION = YES;
				CLANG_WARN_NON_LITERAL_NULL_CONVERSION = YES;
				CLANG_WARN_OBJC_IMPLICIT_RETAIN_SELF = YES;
				CLANG_WARN_OBJC_LITERAL_CONVERSION = YES;
				CLANG_WARN_OBJC_ROOT_CLASS = YES_ERROR;
				CLANG_WARN_QUOTED_INCLUDE_IN_FRAMEWORK_HEADER = YES;
				CLANG_WARN_RANGE_LOOP_ANALYSIS = YES;
				CLANG_WARN_STRICT_PROTOTYPES = YES;
				CLANG_WARN_SUSPICIOUS_MOVE = YES;
				CLANG_WARN_UNGUARDED_AVAILABILITY = YES_AGGRESSIVE;
				CLANG_WARN_UNREACHABLE_CODE = YES;
				CLANG_WARN__DUPLICATE_METHOD_MATCH = YES;
				COPY_PHASE_STRIP = NO;
				CURRENT_PROJECT_VERSION = 1;
				DEBUG_INFORMATION_FORMAT = dwarf;
				ENABLE_STRICT_OBJC_MSGSEND = YES;
				ENABLE_TESTABILITY = YES;
				GCC_C_LANGUAGE_STANDARD = gnu11;
				GCC_DYNAMIC_NO_PIC = NO;
				GCC_NO_COMMON_BLOCKS = YES;
				GCC_OPTIMIZATION_LEVEL = 0;
				GCC_PREPROCESSOR_DEFINITIONS = (
					"DEBUG=1",
					"$(inherited)",
				);
				GCC_WARN_64_TO_32_BIT_CONVERSION = YES;
				GCC_WARN_ABOUT_RETURN_TYPE = YES_ERROR;
				GCC_WARN_UNDECLARED_SELECTOR = YES;
				GCC_WARN_UNINITIALIZED_AUTOS = YES_AGGRESSIVE;
				GCC_WARN_UNUSED_FUNCTION = YES;
				GCC_WARN_UNUSED_VARIABLE = YES;
				MTL_ENABLE_DEBUG_INFO = INCLUDE_SOURCE;
				MTL_FAST_MATH = YES;
				ONLY_ACTIVE_ARCH = YES;
				SWIFT_ACTIVE_COMPILATION_CONDITIONS = DEBUG;
				SWIFT_OPTIMIZATION_LEVEL = "-Onone";
				VERSIONING_SYSTEM = "apple-generic";
				VERSION_INFO_PREFIX = "";
			};
			name = Debug;
		};
		EB79BE522A144A4000F9EEBD /* Release */ = {
			isa = XCBuildConfiguration;
			buildSettings = {
				ALWAYS_SEARCH_USER_PATHS = NO;
				CLANG_ANALYZER_NONNULL = YES;
				CLANG_ANALYZER_NUMBER_OBJECT_CONVERSION = YES_AGGRESSIVE;
				CLANG_CXX_LANGUAGE_STANDARD = "gnu++20";
				CLANG_ENABLE_MODULES = YES;
				CLANG_ENABLE_OBJC_ARC = YES;
				CLANG_ENABLE_OBJC_WEAK = YES;
				CLANG_WARN_BLOCK_CAPTURE_AUTORELEASING = YES;
				CLANG_WARN_BOOL_CONVERSION = YES;
				CLANG_WARN_COMMA = YES;
				CLANG_WARN_CONSTANT_CONVERSION = YES;
				CLANG_WARN_DEPRECATED_OBJC_IMPLEMENTATIONS = YES;
				CLANG_WARN_DIRECT_OBJC_ISA_USAGE = YES_ERROR;
				CLANG_WARN_DOCUMENTATION_COMMENTS = YES;
				CLANG_WARN_EMPTY_BODY = YES;
				CLANG_WARN_ENUM_CONVERSION = YES;
				CLANG_WARN_INFINITE_RECURSION = YES;
				CLANG_WARN_INT_CONVERSION = YES;
				CLANG_WARN_NON_LITERAL_NULL_CONVERSION = YES;
				CLANG_WARN_OBJC_IMPLICIT_RETAIN_SELF = YES;
				CLANG_WARN_OBJC_LITERAL_CONVERSION = YES;
				CLANG_WARN_OBJC_ROOT_CLASS = YES_ERROR;
				CLANG_WARN_QUOTED_INCLUDE_IN_FRAMEWORK_HEADER = YES;
				CLANG_WARN_RANGE_LOOP_ANALYSIS = YES;
				CLANG_WARN_STRICT_PROTOTYPES = YES;
				CLANG_WARN_SUSPICIOUS_MOVE = YES;
				CLANG_WARN_UNGUARDED_AVAILABILITY = YES_AGGRESSIVE;
				CLANG_WARN_UNREACHABLE_CODE = YES;
				CLANG_WARN__DUPLICATE_METHOD_MATCH = YES;
				COPY_PHASE_STRIP = NO;
				CURRENT_PROJECT_VERSION = 1;
				DEBUG_INFORMATION_FORMAT = "dwarf-with-dsym";
				ENABLE_NS_ASSERTIONS = NO;
				ENABLE_STRICT_OBJC_MSGSEND = YES;
				GCC_C_LANGUAGE_STANDARD = gnu11;
				GCC_NO_COMMON_BLOCKS = YES;
				GCC_WARN_64_TO_32_BIT_CONVERSION = YES;
				GCC_WARN_ABOUT_RETURN_TYPE = YES_ERROR;
				GCC_WARN_UNDECLARED_SELECTOR = YES;
				GCC_WARN_UNINITIALIZED_AUTOS = YES_AGGRESSIVE;
				GCC_WARN_UNUSED_FUNCTION = YES;
				GCC_WARN_UNUSED_VARIABLE = YES;
				MTL_ENABLE_DEBUG_INFO = NO;
				MTL_FAST_MATH = YES;
				SWIFT_COMPILATION_MODE = wholemodule;
				SWIFT_OPTIMIZATION_LEVEL = "-O";
				VERSIONING_SYSTEM = "apple-generic";
				VERSION_INFO_PREFIX = "";
			};
			name = Release;
		};
		EB79BE542A144A4000F9EEBD /* Debug */ = {
			isa = XCBuildConfiguration;
			buildSettings = {
				CLANG_ENABLE_MODULES = YES;
				CODE_SIGN_STYLE = Automatic;
				CURRENT_PROJECT_VERSION = 1;
				DEFINES_MODULE = YES;
				DYLIB_COMPATIBILITY_VERSION = 1;
				DYLIB_CURRENT_VERSION = 1;
				DYLIB_INSTALL_NAME_BASE = "@rpath";
				ENABLE_MODULE_VERIFIER = YES;
				GENERATE_INFOPLIST_FILE = YES;
				INFOPLIST_KEY_NSHumanReadableCopyright = "";
				INSTALL_PATH = "$(LOCAL_LIBRARY_DIR)/Frameworks";
				IPHONEOS_DEPLOYMENT_TARGET = 12.0;
				LD_RUNPATH_SEARCH_PATHS = (
					"@executable_path/Frameworks",
					"@loader_path/Frameworks",
				);
				"LD_RUNPATH_SEARCH_PATHS[sdk=macosx*]" = (
					"@executable_path/../Frameworks",
					"@loader_path/Frameworks",
				);
				MACOSX_DEPLOYMENT_TARGET = 10.14;
				MARKETING_VERSION = 1.0;
				MODULEMAP_FILE = HeapSwiftCoreInterfaces/HeapSwiftCoreInterfaces.modulemap;
				MODULE_VERIFIER_SUPPORTED_LANGUAGES = "objective-c objective-c++";
				MODULE_VERIFIER_SUPPORTED_LANGUAGE_STANDARDS = "gnu11 gnu++20";
				PRODUCT_BUNDLE_IDENTIFIER = io.heap.HeapSwiftCoreInterfaces;
				PRODUCT_NAME = "$(TARGET_NAME:c99extidentifier)";
				SDKROOT = auto;
				SKIP_INSTALL = YES;
				SUPPORTED_PLATFORMS = "appletvos appletvsimulator iphoneos iphonesimulator macosx watchos watchsimulator";
				SUPPORTS_MACCATALYST = YES;
				SUPPORTS_MAC_DESIGNED_FOR_IPHONE_IPAD = NO;
				SWIFT_EMIT_LOC_STRINGS = YES;
				SWIFT_OPTIMIZATION_LEVEL = "-Onone";
				SWIFT_VERSION = 5.0;
				TARGETED_DEVICE_FAMILY = "1,2,3,4";
				TVOS_DEPLOYMENT_TARGET = 12.0;
				WATCHOS_DEPLOYMENT_TARGET = 5.0;
			};
			name = Debug;
		};
		EB79BE552A144A4000F9EEBD /* Release */ = {
			isa = XCBuildConfiguration;
			buildSettings = {
				CLANG_ENABLE_MODULES = YES;
				CODE_SIGN_STYLE = Automatic;
				CURRENT_PROJECT_VERSION = 1;
				DEFINES_MODULE = YES;
				DYLIB_COMPATIBILITY_VERSION = 1;
				DYLIB_CURRENT_VERSION = 1;
				DYLIB_INSTALL_NAME_BASE = "@rpath";
				ENABLE_MODULE_VERIFIER = YES;
				GENERATE_INFOPLIST_FILE = YES;
				INFOPLIST_KEY_NSHumanReadableCopyright = "";
				INSTALL_PATH = "$(LOCAL_LIBRARY_DIR)/Frameworks";
				IPHONEOS_DEPLOYMENT_TARGET = 12.0;
				LD_RUNPATH_SEARCH_PATHS = (
					"@executable_path/Frameworks",
					"@loader_path/Frameworks",
				);
				"LD_RUNPATH_SEARCH_PATHS[sdk=macosx*]" = (
					"@executable_path/../Frameworks",
					"@loader_path/Frameworks",
				);
				MACOSX_DEPLOYMENT_TARGET = 10.14;
				MARKETING_VERSION = 1.0;
				MODULEMAP_FILE = HeapSwiftCoreInterfaces/HeapSwiftCoreInterfaces.modulemap;
				MODULE_VERIFIER_SUPPORTED_LANGUAGES = "objective-c objective-c++";
				MODULE_VERIFIER_SUPPORTED_LANGUAGE_STANDARDS = "gnu11 gnu++20";
				PRODUCT_BUNDLE_IDENTIFIER = io.heap.HeapSwiftCoreInterfaces;
				PRODUCT_NAME = "$(TARGET_NAME:c99extidentifier)";
				SDKROOT = auto;
				SKIP_INSTALL = YES;
				SUPPORTED_PLATFORMS = "appletvos appletvsimulator iphoneos iphonesimulator macosx watchos watchsimulator";
				SUPPORTS_MACCATALYST = YES;
				SUPPORTS_MAC_DESIGNED_FOR_IPHONE_IPAD = NO;
				SWIFT_EMIT_LOC_STRINGS = YES;
				SWIFT_VERSION = 5.0;
				TARGETED_DEVICE_FAMILY = "1,2,3,4";
				TVOS_DEPLOYMENT_TARGET = 12.0;
				WATCHOS_DEPLOYMENT_TARGET = 5.0;
			};
			name = Release;
		};
/* End XCBuildConfiguration section */

/* Begin XCConfigurationList section */
		EB79BE462A144A4000F9EEBD /* Build configuration list for PBXProject "HeapSwiftCoreInterfaces" */ = {
			isa = XCConfigurationList;
			buildConfigurations = (
				EB79BE512A144A4000F9EEBD /* Debug */,
				EB79BE522A144A4000F9EEBD /* Release */,
			);
			defaultConfigurationIsVisible = 0;
			defaultConfigurationName = Release;
		};
		EB79BE532A144A4000F9EEBD /* Build configuration list for PBXNativeTarget "HeapSwiftCoreInterfaces" */ = {
			isa = XCConfigurationList;
			buildConfigurations = (
				EB79BE542A144A4000F9EEBD /* Debug */,
				EB79BE552A144A4000F9EEBD /* Release */,
			);
			defaultConfigurationIsVisible = 0;
			defaultConfigurationName = Release;
		};
/* End XCConfigurationList section */
	};
	rootObject = EB79BE432A144A4000F9EEBD /* Project object */;
}
