// !$*UTF8*$!
{
	archiveVersion = 1;
	classes = {
	};
	objectVersion = 56;
	objects = {

/* Begin PBXBuildFile section */
		D6258EF228D8805E00E81D63 /* AppDelegate.swift in Sources */ = {isa = PBXBuildFile; fileRef = D6258EF128D8805E00E81D63 /* AppDelegate.swift */; };
		D6258EF628D8805E00E81D63 /* ViewController.swift in Sources */ = {isa = PBXBuildFile; fileRef = D6258EF528D8805E00E81D63 /* ViewController.swift */; };
		D6258EF928D8805E00E81D63 /* Main.storyboard in Resources */ = {isa = PBXBuildFile; fileRef = D6258EF728D8805E00E81D63 /* Main.storyboard */; };
		D6258EFE28D8805E00E81D63 /* Assets.xcassets in Resources */ = {isa = PBXBuildFile; fileRef = D6258EFD28D8805E00E81D63 /* Assets.xcassets */; };
		D6258F0128D8805E00E81D63 /* LaunchScreen.storyboard in Resources */ = {isa = PBXBuildFile; fileRef = D6258EFF28D8805E00E81D63 /* LaunchScreen.storyboard */; };
		D6258F2828D8812F00E81D63 /* HeapSwiftCore in Frameworks */ = {isa = PBXBuildFile; productRef = D6258F2728D8812F00E81D63 /* HeapSwiftCore */; };
		D6664ED428DD059F00AC0814 /* WidgetKit.framework in Frameworks */ = {isa = PBXBuildFile; fileRef = D6664ED328DD059F00AC0814 /* WidgetKit.framework */; };
		D6664ED628DD059F00AC0814 /* SwiftUI.framework in Frameworks */ = {isa = PBXBuildFile; fileRef = D6664ED528DD059F00AC0814 /* SwiftUI.framework */; };
		D6664ED928DD059F00AC0814 /* iOSWidget.swift in Sources */ = {isa = PBXBuildFile; fileRef = D6664ED828DD059F00AC0814 /* iOSWidget.swift */; };
		D6664EDB28DD059F00AC0814 /* Assets.xcassets in Resources */ = {isa = PBXBuildFile; fileRef = D6664EDA28DD059F00AC0814 /* Assets.xcassets */; };
		D6664EDF28DD059F00AC0814 /* iOSWidgetExtension.appex in Embed Foundation Extensions */ = {isa = PBXBuildFile; fileRef = D6664ED228DD059F00AC0814 /* iOSWidgetExtension.appex */; settings = {ATTRIBUTES = (RemoveHeadersOnCopy, ); }; };
		D6664EE528DD0CCB00AC0814 /* HeapSwiftCore in Frameworks */ = {isa = PBXBuildFile; productRef = D6664EE428DD0CCB00AC0814 /* HeapSwiftCore */; };
		EBA9A90C2922DC72001756EB /* HybridViewController.swift in Sources */ = {isa = PBXBuildFile; fileRef = EBA9A90B2922DC72001756EB /* HybridViewController.swift */; };
		EBA9A90E2922DF1E001756EB /* index.html in Resources */ = {isa = PBXBuildFile; fileRef = EBA9A90D2922DF1E001756EB /* index.html */; };
/* End PBXBuildFile section */

/* Begin PBXContainerItemProxy section */
		D6664EDD28DD059F00AC0814 /* PBXContainerItemProxy */ = {
			isa = PBXContainerItemProxy;
			containerPortal = D6258EE628D8805E00E81D63 /* Project object */;
			proxyType = 1;
			remoteGlobalIDString = D6664ED128DD059F00AC0814;
			remoteInfo = iOSWidgetExtension;
		};
/* End PBXContainerItemProxy section */

/* Begin PBXCopyFilesBuildPhase section */
		D6664EE028DD059F00AC0814 /* Embed Foundation Extensions */ = {
			isa = PBXCopyFilesBuildPhase;
			buildActionMask = 2147483647;
			dstPath = "";
			dstSubfolderSpec = 13;
			files = (
				D6664EDF28DD059F00AC0814 /* iOSWidgetExtension.appex in Embed Foundation Extensions */,
			);
			name = "Embed Foundation Extensions";
			runOnlyForDeploymentPostprocessing = 0;
		};
/* End PBXCopyFilesBuildPhase section */

/* Begin PBXFileReference section */
		D6258EEE28D8805E00E81D63 /* SwiftCoreiOSExample.app */ = {isa = PBXFileReference; explicitFileType = wrapper.application; includeInIndex = 0; path = SwiftCoreiOSExample.app; sourceTree = BUILT_PRODUCTS_DIR; };
		D6258EF128D8805E00E81D63 /* AppDelegate.swift */ = {isa = PBXFileReference; lastKnownFileType = sourcecode.swift; path = AppDelegate.swift; sourceTree = "<group>"; };
		D6258EF528D8805E00E81D63 /* ViewController.swift */ = {isa = PBXFileReference; lastKnownFileType = sourcecode.swift; path = ViewController.swift; sourceTree = "<group>"; };
		D6258EF828D8805E00E81D63 /* Base */ = {isa = PBXFileReference; lastKnownFileType = file.storyboard; name = Base; path = Base.lproj/Main.storyboard; sourceTree = "<group>"; };
		D6258EFD28D8805E00E81D63 /* Assets.xcassets */ = {isa = PBXFileReference; lastKnownFileType = folder.assetcatalog; path = Assets.xcassets; sourceTree = "<group>"; };
		D6258F0028D8805E00E81D63 /* Base */ = {isa = PBXFileReference; lastKnownFileType = file.storyboard; name = Base; path = Base.lproj/LaunchScreen.storyboard; sourceTree = "<group>"; };
		D6258F0228D8805E00E81D63 /* Info.plist */ = {isa = PBXFileReference; lastKnownFileType = text.plist.xml; path = Info.plist; sourceTree = "<group>"; };
		D6258F2528D8807A00E81D63 /* heap-swift-core */ = {isa = PBXFileReference; lastKnownFileType = wrapper; name = "heap-swift-core"; path = ../..; sourceTree = "<group>"; };
		D6664ED228DD059F00AC0814 /* iOSWidgetExtension.appex */ = {isa = PBXFileReference; explicitFileType = "wrapper.app-extension"; includeInIndex = 0; path = iOSWidgetExtension.appex; sourceTree = BUILT_PRODUCTS_DIR; };
		D6664ED328DD059F00AC0814 /* WidgetKit.framework */ = {isa = PBXFileReference; lastKnownFileType = wrapper.framework; name = WidgetKit.framework; path = System/Library/Frameworks/WidgetKit.framework; sourceTree = SDKROOT; };
		D6664ED528DD059F00AC0814 /* SwiftUI.framework */ = {isa = PBXFileReference; lastKnownFileType = wrapper.framework; name = SwiftUI.framework; path = System/Library/Frameworks/SwiftUI.framework; sourceTree = SDKROOT; };
		D6664ED828DD059F00AC0814 /* iOSWidget.swift */ = {isa = PBXFileReference; lastKnownFileType = sourcecode.swift; path = iOSWidget.swift; sourceTree = "<group>"; };
		D6664EDA28DD059F00AC0814 /* Assets.xcassets */ = {isa = PBXFileReference; lastKnownFileType = folder.assetcatalog; path = Assets.xcassets; sourceTree = "<group>"; };
		D6664EDC28DD059F00AC0814 /* Info.plist */ = {isa = PBXFileReference; lastKnownFileType = text.plist.xml; path = Info.plist; sourceTree = "<group>"; };
		EBA9A90B2922DC72001756EB /* HybridViewController.swift */ = {isa = PBXFileReference; lastKnownFileType = sourcecode.swift; path = HybridViewController.swift; sourceTree = "<group>"; };
		EBA9A90D2922DF1E001756EB /* index.html */ = {isa = PBXFileReference; lastKnownFileType = text.html; path = index.html; sourceTree = "<group>"; };
/* End PBXFileReference section */

/* Begin PBXFrameworksBuildPhase section */
		D6258EEB28D8805E00E81D63 /* Frameworks */ = {
			isa = PBXFrameworksBuildPhase;
			buildActionMask = 2147483647;
			files = (
				D6258F2828D8812F00E81D63 /* HeapSwiftCore in Frameworks */,
			);
			runOnlyForDeploymentPostprocessing = 0;
		};
		D6664ECF28DD059F00AC0814 /* Frameworks */ = {
			isa = PBXFrameworksBuildPhase;
			buildActionMask = 2147483647;
			files = (
				D6664EE528DD0CCB00AC0814 /* HeapSwiftCore in Frameworks */,
				D6664ED628DD059F00AC0814 /* SwiftUI.framework in Frameworks */,
				D6664ED428DD059F00AC0814 /* WidgetKit.framework in Frameworks */,
			);
			runOnlyForDeploymentPostprocessing = 0;
		};
/* End PBXFrameworksBuildPhase section */

/* Begin PBXGroup section */
		D6258EE528D8805E00E81D63 = {
			isa = PBXGroup;
			children = (
				D6258F2428D8807A00E81D63 /* Packages */,
				D6258EF028D8805E00E81D63 /* SwiftCoreiOSExample */,
				D6664ED728DD059F00AC0814 /* iOSWidget */,
				D6258EEF28D8805E00E81D63 /* Products */,
				D6258F2628D8812F00E81D63 /* Frameworks */,
			);
			sourceTree = "<group>";
		};
		D6258EEF28D8805E00E81D63 /* Products */ = {
			isa = PBXGroup;
			children = (
				D6258EEE28D8805E00E81D63 /* SwiftCoreiOSExample.app */,
				D6664ED228DD059F00AC0814 /* iOSWidgetExtension.appex */,
			);
			name = Products;
			sourceTree = "<group>";
		};
		D6258EF028D8805E00E81D63 /* SwiftCoreiOSExample */ = {
			isa = PBXGroup;
			children = (
				D6258EF128D8805E00E81D63 /* AppDelegate.swift */,
				D6258EF528D8805E00E81D63 /* ViewController.swift */,
				D6258EF728D8805E00E81D63 /* Main.storyboard */,
				D6258EFD28D8805E00E81D63 /* Assets.xcassets */,
				D6258EFF28D8805E00E81D63 /* LaunchScreen.storyboard */,
				D6258F0228D8805E00E81D63 /* Info.plist */,
				EBA9A90B2922DC72001756EB /* HybridViewController.swift */,
				EBA9A90D2922DF1E001756EB /* index.html */,
			);
			path = SwiftCoreiOSExample;
			sourceTree = "<group>";
		};
		D6258F2428D8807A00E81D63 /* Packages */ = {
			isa = PBXGroup;
			children = (
				D6258F2528D8807A00E81D63 /* heap-swift-core */,
			);
			name = Packages;
			sourceTree = "<group>";
		};
		D6258F2628D8812F00E81D63 /* Frameworks */ = {
			isa = PBXGroup;
			children = (
				D6664ED328DD059F00AC0814 /* WidgetKit.framework */,
				D6664ED528DD059F00AC0814 /* SwiftUI.framework */,
			);
			name = Frameworks;
			sourceTree = "<group>";
		};
		D6664ED728DD059F00AC0814 /* iOSWidget */ = {
			isa = PBXGroup;
			children = (
				D6664ED828DD059F00AC0814 /* iOSWidget.swift */,
				D6664EDA28DD059F00AC0814 /* Assets.xcassets */,
				D6664EDC28DD059F00AC0814 /* Info.plist */,
			);
			path = iOSWidget;
			sourceTree = "<group>";
		};
/* End PBXGroup section */

/* Begin PBXNativeTarget section */
		D6258EED28D8805E00E81D63 /* SwiftCoreiOSExample */ = {
			isa = PBXNativeTarget;
			buildConfigurationList = D6258F1B28D8805E00E81D63 /* Build configuration list for PBXNativeTarget "SwiftCoreiOSExample" */;
			buildPhases = (
				D6258EEA28D8805E00E81D63 /* Sources */,
				D6258EEB28D8805E00E81D63 /* Frameworks */,
				D6258EEC28D8805E00E81D63 /* Resources */,
				D6664EE028DD059F00AC0814 /* Embed Foundation Extensions */,
			);
			buildRules = (
			);
			dependencies = (
				D6664EDE28DD059F00AC0814 /* PBXTargetDependency */,
			);
			name = SwiftCoreiOSExample;
			packageProductDependencies = (
				D6258F2728D8812F00E81D63 /* HeapSwiftCore */,
			);
			productName = SwiftCoreiOSExample;
			productReference = D6258EEE28D8805E00E81D63 /* SwiftCoreiOSExample.app */;
			productType = "com.apple.product-type.application";
		};
		D6664ED128DD059F00AC0814 /* iOSWidgetExtension */ = {
			isa = PBXNativeTarget;
			buildConfigurationList = D6664EE328DD059F00AC0814 /* Build configuration list for PBXNativeTarget "iOSWidgetExtension" */;
			buildPhases = (
				D6664ECE28DD059F00AC0814 /* Sources */,
				D6664ECF28DD059F00AC0814 /* Frameworks */,
				D6664ED028DD059F00AC0814 /* Resources */,
			);
			buildRules = (
			);
			dependencies = (
			);
			name = iOSWidgetExtension;
			packageProductDependencies = (
				D6664EE428DD0CCB00AC0814 /* HeapSwiftCore */,
			);
			productName = iOSWidgetExtension;
			productReference = D6664ED228DD059F00AC0814 /* iOSWidgetExtension.appex */;
			productType = "com.apple.product-type.app-extension";
		};
/* End PBXNativeTarget section */

/* Begin PBXProject section */
		D6258EE628D8805E00E81D63 /* Project object */ = {
			isa = PBXProject;
			attributes = {
				BuildIndependentTargetsInParallel = 1;
				LastSwiftUpdateCheck = 1400;
				LastUpgradeCheck = 1400;
				TargetAttributes = {
					D6258EED28D8805E00E81D63 = {
						CreatedOnToolsVersion = 14.0;
					};
					D6664ED128DD059F00AC0814 = {
						CreatedOnToolsVersion = 14.0;
					};
				};
			};
			buildConfigurationList = D6258EE928D8805E00E81D63 /* Build configuration list for PBXProject "SwiftCoreiOSExample" */;
			compatibilityVersion = "Xcode 14.0";
			developmentRegion = en;
			hasScannedForEncodings = 0;
			knownRegions = (
				en,
				Base,
			);
			mainGroup = D6258EE528D8805E00E81D63;
			productRefGroup = D6258EEF28D8805E00E81D63 /* Products */;
			projectDirPath = "";
			projectRoot = "";
			targets = (
				D6258EED28D8805E00E81D63 /* SwiftCoreiOSExample */,
				D6664ED128DD059F00AC0814 /* iOSWidgetExtension */,
			);
		};
/* End PBXProject section */

/* Begin PBXResourcesBuildPhase section */
		D6258EEC28D8805E00E81D63 /* Resources */ = {
			isa = PBXResourcesBuildPhase;
			buildActionMask = 2147483647;
			files = (
				D6258F0128D8805E00E81D63 /* LaunchScreen.storyboard in Resources */,
				EBA9A90E2922DF1E001756EB /* index.html in Resources */,
				D6258EFE28D8805E00E81D63 /* Assets.xcassets in Resources */,
				D6258EF928D8805E00E81D63 /* Main.storyboard in Resources */,
			);
			runOnlyForDeploymentPostprocessing = 0;
		};
		D6664ED028DD059F00AC0814 /* Resources */ = {
			isa = PBXResourcesBuildPhase;
			buildActionMask = 2147483647;
			files = (
				D6664EDB28DD059F00AC0814 /* Assets.xcassets in Resources */,
			);
			runOnlyForDeploymentPostprocessing = 0;
		};
/* End PBXResourcesBuildPhase section */

/* Begin PBXSourcesBuildPhase section */
		D6258EEA28D8805E00E81D63 /* Sources */ = {
			isa = PBXSourcesBuildPhase;
			buildActionMask = 2147483647;
			files = (
				EBA9A90C2922DC72001756EB /* HybridViewController.swift in Sources */,
				D6258EF628D8805E00E81D63 /* ViewController.swift in Sources */,
				D6258EF228D8805E00E81D63 /* AppDelegate.swift in Sources */,
			);
			runOnlyForDeploymentPostprocessing = 0;
		};
		D6664ECE28DD059F00AC0814 /* Sources */ = {
			isa = PBXSourcesBuildPhase;
			buildActionMask = 2147483647;
			files = (
				D6664ED928DD059F00AC0814 /* iOSWidget.swift in Sources */,
			);
			runOnlyForDeploymentPostprocessing = 0;
		};
/* End PBXSourcesBuildPhase section */

/* Begin PBXTargetDependency section */
		D6664EDE28DD059F00AC0814 /* PBXTargetDependency */ = {
			isa = PBXTargetDependency;
			target = D6664ED128DD059F00AC0814 /* iOSWidgetExtension */;
			targetProxy = D6664EDD28DD059F00AC0814 /* PBXContainerItemProxy */;
		};
/* End PBXTargetDependency section */

/* Begin PBXVariantGroup section */
		D6258EF728D8805E00E81D63 /* Main.storyboard */ = {
			isa = PBXVariantGroup;
			children = (
				D6258EF828D8805E00E81D63 /* Base */,
			);
			name = Main.storyboard;
			sourceTree = "<group>";
		};
		D6258EFF28D8805E00E81D63 /* LaunchScreen.storyboard */ = {
			isa = PBXVariantGroup;
			children = (
				D6258F0028D8805E00E81D63 /* Base */,
			);
			name = LaunchScreen.storyboard;
			sourceTree = "<group>";
		};
/* End PBXVariantGroup section */

/* Begin XCBuildConfiguration section */
		D6258F1928D8805E00E81D63 /* Debug */ = {
			isa = XCBuildConfiguration;
			buildSettings = {
				ALWAYS_SEARCH_USER_PATHS = NO;
				CLANG_ANALYZER_NONNULL = YES;
				CLANG_ANALYZER_NUMBER_OBJECT_CONVERSION = YES_AGGRESSIVE;
				CLANG_CXX_LANGUAGE_STANDARD = "gnu++20";
				CLANG_ENABLE_MODULES = YES;
				CLANG_ENABLE_OBJC_ARC = YES;
				CLANG_ENABLE_OBJC_WEAK = YES;
				CLANG_WARN_BLOCK_CAPTURE_AUTORELEASING = YES;
				CLANG_WARN_BOOL_CONVERSION = YES;
				CLANG_WARN_COMMA = YES;
				CLANG_WARN_CONSTANT_CONVERSION = YES;
				CLANG_WARN_DEPRECATED_OBJC_IMPLEMENTATIONS = YES;
				CLANG_WARN_DIRECT_OBJC_ISA_USAGE = YES_ERROR;
				CLANG_WARN_DOCUMENTATION_COMMENTS = YES;
				CLANG_WARN_EMPTY_BODY = YES;
				CLANG_WARN_ENUM_CONVERSION = YES;
				CLANG_WARN_INFINITE_RECURSION = YES;
				CLANG_WARN_INT_CONVERSION = YES;
				CLANG_WARN_NON_LITERAL_NULL_CONVERSION = YES;
				CLANG_WARN_OBJC_IMPLICIT_RETAIN_SELF = YES;
				CLANG_WARN_OBJC_LITERAL_CONVERSION = YES;
				CLANG_WARN_OBJC_ROOT_CLASS = YES_ERROR;
				CLANG_WARN_QUOTED_INCLUDE_IN_FRAMEWORK_HEADER = YES;
				CLANG_WARN_RANGE_LOOP_ANALYSIS = YES;
				CLANG_WARN_STRICT_PROTOTYPES = YES;
				CLANG_WARN_SUSPICIOUS_MOVE = YES;
				CLANG_WARN_UNGUARDED_AVAILABILITY = YES_AGGRESSIVE;
				CLANG_WARN_UNREACHABLE_CODE = YES;
				CLANG_WARN__DUPLICATE_METHOD_MATCH = YES;
				COPY_PHASE_STRIP = NO;
				DEBUG_INFORMATION_FORMAT = dwarf;
				ENABLE_STRICT_OBJC_MSGSEND = YES;
				ENABLE_TESTABILITY = YES;
				GCC_C_LANGUAGE_STANDARD = gnu11;
				GCC_DYNAMIC_NO_PIC = NO;
				GCC_NO_COMMON_BLOCKS = YES;
				GCC_OPTIMIZATION_LEVEL = 0;
				GCC_PREPROCESSOR_DEFINITIONS = (
					"DEBUG=1",
					"$(inherited)",
				);
				GCC_WARN_64_TO_32_BIT_CONVERSION = YES;
				GCC_WARN_ABOUT_RETURN_TYPE = YES_ERROR;
				GCC_WARN_UNDECLARED_SELECTOR = YES;
				GCC_WARN_UNINITIALIZED_AUTOS = YES_AGGRESSIVE;
				GCC_WARN_UNUSED_FUNCTION = YES;
				GCC_WARN_UNUSED_VARIABLE = YES;
				IPHONEOS_DEPLOYMENT_TARGET = 12.0;
				MTL_ENABLE_DEBUG_INFO = INCLUDE_SOURCE;
				MTL_FAST_MATH = YES;
				ONLY_ACTIVE_ARCH = YES;
				SDKROOT = iphoneos;
				SWIFT_ACTIVE_COMPILATION_CONDITIONS = DEBUG;
				SWIFT_OPTIMIZATION_LEVEL = "-Onone";
			};
			name = Debug;
		};
		D6258F1A28D8805E00E81D63 /* Release */ = {
			isa = XCBuildConfiguration;
			buildSettings = {
				ALWAYS_SEARCH_USER_PATHS = NO;
				CLANG_ANALYZER_NONNULL = YES;
				CLANG_ANALYZER_NUMBER_OBJECT_CONVERSION = YES_AGGRESSIVE;
				CLANG_CXX_LANGUAGE_STANDARD = "gnu++20";
				CLANG_ENABLE_MODULES = YES;
				CLANG_ENABLE_OBJC_ARC = YES;
				CLANG_ENABLE_OBJC_WEAK = YES;
				CLANG_WARN_BLOCK_CAPTURE_AUTORELEASING = YES;
				CLANG_WARN_BOOL_CONVERSION = YES;
				CLANG_WARN_COMMA = YES;
				CLANG_WARN_CONSTANT_CONVERSION = YES;
				CLANG_WARN_DEPRECATED_OBJC_IMPLEMENTATIONS = YES;
				CLANG_WARN_DIRECT_OBJC_ISA_USAGE = YES_ERROR;
				CLANG_WARN_DOCUMENTATION_COMMENTS = YES;
				CLANG_WARN_EMPTY_BODY = YES;
				CLANG_WARN_ENUM_CONVERSION = YES;
				CLANG_WARN_INFINITE_RECURSION = YES;
				CLANG_WARN_INT_CONVERSION = YES;
				CLANG_WARN_NON_LITERAL_NULL_CONVERSION = YES;
				CLANG_WARN_OBJC_IMPLICIT_RETAIN_SELF = YES;
				CLANG_WARN_OBJC_LITERAL_CONVERSION = YES;
				CLANG_WARN_OBJC_ROOT_CLASS = YES_ERROR;
				CLANG_WARN_QUOTED_INCLUDE_IN_FRAMEWORK_HEADER = YES;
				CLANG_WARN_RANGE_LOOP_ANALYSIS = YES;
				CLANG_WARN_STRICT_PROTOTYPES = YES;
				CLANG_WARN_SUSPICIOUS_MOVE = YES;
				CLANG_WARN_UNGUARDED_AVAILABILITY = YES_AGGRESSIVE;
				CLANG_WARN_UNREACHABLE_CODE = YES;
				CLANG_WARN__DUPLICATE_METHOD_MATCH = YES;
				COPY_PHASE_STRIP = NO;
				DEBUG_INFORMATION_FORMAT = "dwarf-with-dsym";
				ENABLE_NS_ASSERTIONS = NO;
				ENABLE_STRICT_OBJC_MSGSEND = YES;
				GCC_C_LANGUAGE_STANDARD = gnu11;
				GCC_NO_COMMON_BLOCKS = YES;
				GCC_WARN_64_TO_32_BIT_CONVERSION = YES;
				GCC_WARN_ABOUT_RETURN_TYPE = YES_ERROR;
				GCC_WARN_UNDECLARED_SELECTOR = YES;
				GCC_WARN_UNINITIALIZED_AUTOS = YES_AGGRESSIVE;
				GCC_WARN_UNUSED_FUNCTION = YES;
				GCC_WARN_UNUSED_VARIABLE = YES;
				IPHONEOS_DEPLOYMENT_TARGET = 12.0;
				MTL_ENABLE_DEBUG_INFO = NO;
				MTL_FAST_MATH = YES;
				SDKROOT = iphoneos;
				SWIFT_COMPILATION_MODE = wholemodule;
				SWIFT_OPTIMIZATION_LEVEL = "-O";
				VALIDATE_PRODUCT = YES;
			};
			name = Release;
		};
		D6258F1C28D8805E00E81D63 /* Debug */ = {
			isa = XCBuildConfiguration;
			buildSettings = {
				ALWAYS_EMBED_SWIFT_STANDARD_LIBRARIES = YES;
				ASSETCATALOG_COMPILER_APPICON_NAME = AppIcon;
				ASSETCATALOG_COMPILER_GLOBAL_ACCENT_COLOR_NAME = AccentColor;
				CODE_SIGN_STYLE = Automatic;
				CURRENT_PROJECT_VERSION = 1;
				DEVELOPMENT_TEAM = "";
				GENERATE_INFOPLIST_FILE = YES;
				INFOPLIST_FILE = SwiftCoreiOSExample/Info.plist;
				INFOPLIST_KEY_UIApplicationSupportsIndirectInputEvents = YES;
				INFOPLIST_KEY_UILaunchStoryboardName = LaunchScreen;
				INFOPLIST_KEY_UIMainStoryboardFile = Main;
				INFOPLIST_KEY_UISupportedInterfaceOrientations_iPad = "UIInterfaceOrientationPortrait UIInterfaceOrientationPortraitUpsideDown UIInterfaceOrientationLandscapeLeft UIInterfaceOrientationLandscapeRight";
				INFOPLIST_KEY_UISupportedInterfaceOrientations_iPhone = "UIInterfaceOrientationPortrait UIInterfaceOrientationLandscapeLeft UIInterfaceOrientationLandscapeRight";
				LD_RUNPATH_SEARCH_PATHS = (
					"$(inherited)",
					"@executable_path/Frameworks",
				);
				MARKETING_VERSION = 1.0;
				PRODUCT_BUNDLE_IDENTIFIER = io.heap.SwiftCoreiOSExample;
				PRODUCT_NAME = "$(TARGET_NAME)";
				SWIFT_EMIT_LOC_STRINGS = YES;
				SWIFT_VERSION = 5.0;
				TARGETED_DEVICE_FAMILY = "1,2";
			};
			name = Debug;
		};
		D6258F1D28D8805E00E81D63 /* Release */ = {
			isa = XCBuildConfiguration;
			buildSettings = {
				ALWAYS_EMBED_SWIFT_STANDARD_LIBRARIES = YES;
				ASSETCATALOG_COMPILER_APPICON_NAME = AppIcon;
				ASSETCATALOG_COMPILER_GLOBAL_ACCENT_COLOR_NAME = AccentColor;
				CODE_SIGN_STYLE = Automatic;
				CURRENT_PROJECT_VERSION = 1;
				DEVELOPMENT_TEAM = "";
				GENERATE_INFOPLIST_FILE = YES;
				INFOPLIST_FILE = SwiftCoreiOSExample/Info.plist;
				INFOPLIST_KEY_UIApplicationSupportsIndirectInputEvents = YES;
				INFOPLIST_KEY_UILaunchStoryboardName = LaunchScreen;
				INFOPLIST_KEY_UIMainStoryboardFile = Main;
				INFOPLIST_KEY_UISupportedInterfaceOrientations_iPad = "UIInterfaceOrientationPortrait UIInterfaceOrientationPortraitUpsideDown UIInterfaceOrientationLandscapeLeft UIInterfaceOrientationLandscapeRight";
				INFOPLIST_KEY_UISupportedInterfaceOrientations_iPhone = "UIInterfaceOrientationPortrait UIInterfaceOrientationLandscapeLeft UIInterfaceOrientationLandscapeRight";
				LD_RUNPATH_SEARCH_PATHS = (
					"$(inherited)",
					"@executable_path/Frameworks",
				);
				MARKETING_VERSION = 1.0;
				PRODUCT_BUNDLE_IDENTIFIER = io.heap.SwiftCoreiOSExample;
				PRODUCT_NAME = "$(TARGET_NAME)";
				SWIFT_EMIT_LOC_STRINGS = YES;
				SWIFT_VERSION = 5.0;
				TARGETED_DEVICE_FAMILY = "1,2";
			};
			name = Release;
		};
		D6664EE128DD059F00AC0814 /* Debug */ = {
			isa = XCBuildConfiguration;
			buildSettings = {
				ASSETCATALOG_COMPILER_GLOBAL_ACCENT_COLOR_NAME = AccentColor;
				ASSETCATALOG_COMPILER_WIDGET_BACKGROUND_COLOR_NAME = WidgetBackground;
				CODE_SIGN_STYLE = Automatic;
				CURRENT_PROJECT_VERSION = 1;
				DEVELOPMENT_TEAM = "";
				GENERATE_INFOPLIST_FILE = YES;
				INFOPLIST_FILE = iOSWidget/Info.plist;
				INFOPLIST_KEY_CFBundleDisplayName = iOSWidget;
				INFOPLIST_KEY_NSHumanReadableCopyright = "";
				IPHONEOS_DEPLOYMENT_TARGET = 14.0;
				LD_RUNPATH_SEARCH_PATHS = (
					"$(inherited)",
					"@executable_path/Frameworks",
					"@executable_path/../../Frameworks",
				);
				MARKETING_VERSION = 1.0;
				PRODUCT_BUNDLE_IDENTIFIER = io.heap.SwiftCoreiOSExample.iOSWidget;
				PRODUCT_NAME = "$(TARGET_NAME)";
				SKIP_INSTALL = YES;
				SWIFT_EMIT_LOC_STRINGS = YES;
				SWIFT_VERSION = 5.0;
				TARGETED_DEVICE_FAMILY = "1,2";
			};
			name = Debug;
		};
		D6664EE228DD059F00AC0814 /* Release */ = {
			isa = XCBuildConfiguration;
			buildSettings = {
				ASSETCATALOG_COMPILER_GLOBAL_ACCENT_COLOR_NAME = AccentColor;
				ASSETCATALOG_COMPILER_WIDGET_BACKGROUND_COLOR_NAME = WidgetBackground;
				CODE_SIGN_STYLE = Automatic;
				CURRENT_PROJECT_VERSION = 1;
				DEVELOPMENT_TEAM = "";
				GENERATE_INFOPLIST_FILE = YES;
				INFOPLIST_FILE = iOSWidget/Info.plist;
				INFOPLIST_KEY_CFBundleDisplayName = iOSWidget;
				INFOPLIST_KEY_NSHumanReadableCopyright = "";
				IPHONEOS_DEPLOYMENT_TARGET = 14.0;
				LD_RUNPATH_SEARCH_PATHS = (
					"$(inherited)",
					"@executable_path/Frameworks",
					"@executable_path/../../Frameworks",
				);
				MARKETING_VERSION = 1.0;
				PRODUCT_BUNDLE_IDENTIFIER = io.heap.SwiftCoreiOSExample.iOSWidget;
				PRODUCT_NAME = "$(TARGET_NAME)";
				SKIP_INSTALL = YES;
				SWIFT_EMIT_LOC_STRINGS = YES;
				SWIFT_VERSION = 5.0;
				TARGETED_DEVICE_FAMILY = "1,2";
			};
			name = Release;
		};
/* End XCBuildConfiguration section */

/* Begin XCConfigurationList section */
		D6258EE928D8805E00E81D63 /* Build configuration list for PBXProject "SwiftCoreiOSExample" */ = {
			isa = XCConfigurationList;
			buildConfigurations = (
				D6258F1928D8805E00E81D63 /* Debug */,
				D6258F1A28D8805E00E81D63 /* Release */,
			);
			defaultConfigurationIsVisible = 0;
			defaultConfigurationName = Release;
		};
		D6258F1B28D8805E00E81D63 /* Build configuration list for PBXNativeTarget "SwiftCoreiOSExample" */ = {
			isa = XCConfigurationList;
			buildConfigurations = (
				D6258F1C28D8805E00E81D63 /* Debug */,
				D6258F1D28D8805E00E81D63 /* Release */,
			);
			defaultConfigurationIsVisible = 0;
			defaultConfigurationName = Release;
		};
		D6664EE328DD059F00AC0814 /* Build configuration list for PBXNativeTarget "iOSWidgetExtension" */ = {
			isa = XCConfigurationList;
			buildConfigurations = (
				D6664EE128DD059F00AC0814 /* Debug */,
				D6664EE228DD059F00AC0814 /* Release */,
			);
			defaultConfigurationIsVisible = 0;
			defaultConfigurationName = Release;
		};
/* End XCConfigurationList section */

/* Begin XCSwiftPackageProductDependency section */
		D6258F2728D8812F00E81D63 /* HeapSwiftCore */ = {
			isa = XCSwiftPackageProductDependency;
			productName = HeapSwiftCore;
		};
		D6664EE428DD0CCB00AC0814 /* HeapSwiftCore */ = {
			isa = XCSwiftPackageProductDependency;
			productName = HeapSwiftCore;
		};
/* End XCSwiftPackageProductDependency section */
	};
	rootObject = D6258EE628D8805E00E81D63 /* Project object */;
}
